Microsoft Visual Studio Solution File, Format Version 12.00
# Visual Studio 2012
Project("{FAE04EC0-301F-11D3-BF4B-00C04F79EFBC}") = "HAZE-3", "HAZE-3.csproj", "{7DF845CD-7003-437F-89FA-1390DC699ED3}"
EndProject
Global
	GlobalSection(SolutionConfigurationPlatforms) = preSolution
	Debug|Any CPU = Debug|Any CPU
	ExportDebug|Any CPU = ExportDebug|Any CPU
	ExportRelease|Any CPU = ExportRelease|Any CPU
	EndGlobalSection
	GlobalSection(ProjectConfigurationPlatforms) = postSolution
		{7DF845CD-7003-437F-89FA-1390DC699ED3}.Debug|Any CPU.ActiveCfg = Debug|Any CPU
		{7DF845CD-7003-437F-89FA-1390DC699ED3}.Debug|Any CPU.Build.0 = Debug|Any CPU
		{7DF845CD-7003-437F-89FA-1390DC699ED3}.ExportDebug|Any CPU.ActiveCfg = ExportDebug|Any CPU
		{7DF845CD-7003-437F-89FA-1390DC699ED3}.ExportDebug|Any CPU.Build.0 = ExportDebug|Any CPU
		{7DF845CD-7003-437F-89FA-1390DC699ED3}.ExportRelease|Any CPU.ActiveCfg = ExportRelease|Any CPU
		{7DF845CD-7003-437F-89FA-1390DC699ED3}.ExportRelease|Any CPU.Build.0 = ExportRelease|Any CPU
	EndGlobalSection
EndGlobal
