Microsoft Visual Studio Solution File, Format Version 12.00
# Visual Studio 2012
Project("{FAE04EC0-301F-11D3-BF4B-00C04F79EFBC}") = "Moonshot", "Moonshot.csproj", "{735E2ACB-873C-4291-884F-288111F9DF96}"
EndProject
Global
	GlobalSection(SolutionConfigurationPlatforms) = preSolution
	Debug|Any CPU = Debug|Any CPU
	ExportDebug|Any CPU = ExportDebug|Any CPU
	ExportRelease|Any CPU = ExportRelease|Any CPU
	EndGlobalSection
	GlobalSection(ProjectConfigurationPlatforms) = postSolution
		{735E2ACB-873C-4291-884F-288111F9DF96}.Debug|Any CPU.ActiveCfg = Debug|Any CPU
		{735E2ACB-873C-4291-884F-288111F9DF96}.Debug|Any CPU.Build.0 = Debug|Any CPU
		{735E2ACB-873C-4291-884F-288111F9DF96}.ExportDebug|Any CPU.ActiveCfg = ExportDebug|Any CPU
		{735E2ACB-873C-4291-884F-288111F9DF96}.ExportDebug|Any CPU.Build.0 = ExportDebug|Any CPU
		{735E2ACB-873C-4291-884F-288111F9DF96}.ExportRelease|Any CPU.ActiveCfg = ExportRelease|Any CPU
		{735E2ACB-873C-4291-884F-288111F9DF96}.ExportRelease|Any CPU.Build.0 = ExportRelease|Any CPU
	EndGlobalSection
EndGlobal
